// !$*UTF8*$!
{
	archiveVersion = 1;
	classes = {
	};
	objectVersion = 46;
	objects = {

/* Begin PBXBuildFile section */
		35F972C91DFA4E94002D04D0 /* AppDelegate.swift in Sources */ = {isa = PBXBuildFile; fileRef = 35F972C81DFA4E94002D04D0 /* AppDelegate.swift */; };
		35F972CE1DFA4E94002D04D0 /* Main.storyboard in Resources */ = {isa = PBXBuildFile; fileRef = 35F972CC1DFA4E94002D04D0 /* Main.storyboard */; };
		35F972D01DFA4E94002D04D0 /* Assets.xcassets in Resources */ = {isa = PBXBuildFile; fileRef = 35F972CF1DFA4E94002D04D0 /* Assets.xcassets */; };
		35F972D31DFA4E94002D04D0 /* LaunchScreen.storyboard in Resources */ = {isa = PBXBuildFile; fileRef = 35F972D11DFA4E94002D04D0 /* LaunchScreen.storyboard */; };
		35F9731B1DFA4EC7002D04D0 /* Test2ViewController.swift in Sources */ = {isa = PBXBuildFile; fileRef = 35F972F61DFA4EC7002D04D0 /* Test2ViewController.swift */; };
		35F9731C1DFA4EC7002D04D0 /* BookCollectionViewController.swift in Sources */ = {isa = PBXBuildFile; fileRef = 35F972F71DFA4EC7002D04D0 /* BookCollectionViewController.swift */; };
		35F9731D1DFA4EC7002D04D0 /* Page.swift in Sources */ = {isa = PBXBuildFile; fileRef = 35F972F81DFA4EC7002D04D0 /* Page.swift */; };
		35F9731E1DFA4EC7002D04D0 /* RootClass.swift in Sources */ = {isa = PBXBuildFile; fileRef = 35F972F91DFA4EC7002D04D0 /* RootClass.swift */; };
		35F9731F1DFA4EC7002D04D0 /* Section.swift in Sources */ = {isa = PBXBuildFile; fileRef = 35F972FA1DFA4EC7002D04D0 /* Section.swift */; };
		35F973201DFA4EC7002D04D0 /* SwiftExtention.swift in Sources */ = {isa = PBXBuildFile; fileRef = 35F972FB1DFA4EC7002D04D0 /* SwiftExtention.swift */; };
		35F973211DFA4EC7002D04D0 /* Word.swift in Sources */ = {isa = PBXBuildFile; fileRef = 35F972FC1DFA4EC7002D04D0 /* Word.swift */; };
		35F973231DFA4EC7002D04D0 /* LaunchScreen.storyboard in Resources */ = {isa = PBXBuildFile; fileRef = 35F972FF1DFA4EC7002D04D0 /* LaunchScreen.storyboard */; };
		35F973241DFA4EC7002D04D0 /* Main.storyboard in Resources */ = {isa = PBXBuildFile; fileRef = 35F973011DFA4EC7002D04D0 /* Main.storyboard */; };
		35F973251DFA4EC7002D04D0 /* BookCollectionViewCell.swift in Sources */ = {isa = PBXBuildFile; fileRef = 35F973031DFA4EC7002D04D0 /* BookCollectionViewCell.swift */; };
		35F973261DFA4EC7002D04D0 /* BookCollectionViewCell.xib in Resources */ = {isa = PBXBuildFile; fileRef = 35F973041DFA4EC7002D04D0 /* BookCollectionViewCell.xib */; };
		35F973271DFA4EC7002D04D0 /* lrc.json in Resources */ = {isa = PBXBuildFile; fileRef = 35F973051DFA4EC7002D04D0 /* lrc.json */; };
		35F973281DFA4EC7002D04D0 /* raz_hugs_le02_p10_text.mp3 in Resources */ = {isa = PBXBuildFile; fileRef = 35F973071DFA4EC7002D04D0 /* raz_hugs_le02_p10_text.mp3 */; };
		35F973291DFA4EC7002D04D0 /* raz_hugs_le02_p3_text.mp3 in Resources */ = {isa = PBXBuildFile; fileRef = 35F973081DFA4EC7002D04D0 /* raz_hugs_le02_p3_text.mp3 */; };
		35F9732A1DFA4EC7002D04D0 /* raz_hugs_le02_p4_text.mp3 in Resources */ = {isa = PBXBuildFile; fileRef = 35F973091DFA4EC7002D04D0 /* raz_hugs_le02_p4_text.mp3 */; };
		35F9732B1DFA4EC7002D04D0 /* raz_hugs_le02_p5_text.mp3 in Resources */ = {isa = PBXBuildFile; fileRef = 35F9730A1DFA4EC7002D04D0 /* raz_hugs_le02_p5_text.mp3 */; };
		35F9732C1DFA4EC7002D04D0 /* raz_hugs_le02_p6_text.mp3 in Resources */ = {isa = PBXBuildFile; fileRef = 35F9730B1DFA4EC7002D04D0 /* raz_hugs_le02_p6_text.mp3 */; };
		35F9732D1DFA4EC7002D04D0 /* raz_hugs_le02_p7_text.mp3 in Resources */ = {isa = PBXBuildFile; fileRef = 35F9730C1DFA4EC7002D04D0 /* raz_hugs_le02_p7_text.mp3 */; };
		35F9732E1DFA4EC7002D04D0 /* raz_hugs_le02_p8_text.mp3 in Resources */ = {isa = PBXBuildFile; fileRef = 35F9730D1DFA4EC7002D04D0 /* raz_hugs_le02_p8_text.mp3 */; };
		35F9732F1DFA4EC7002D04D0 /* raz_hugs_le02_p9_text.mp3 in Resources */ = {isa = PBXBuildFile; fileRef = 35F9730E1DFA4EC7002D04D0 /* raz_hugs_le02_p9_text.mp3 */; };
		35F973301DFA4EC7002D04D0 /* raz_hugs_le02_title_text.mp3 in Resources */ = {isa = PBXBuildFile; fileRef = 35F9730F1DFA4EC7002D04D0 /* raz_hugs_le02_title_text.mp3 */; };
		35F973311DFA4EC7002D04D0 /* cover.png in Resources */ = {isa = PBXBuildFile; fileRef = 35F973111DFA4EC7002D04D0 /* cover.png */; };
		35F973321DFA4EC7002D04D0 /* p1.png in Resources */ = {isa = PBXBuildFile; fileRef = 35F973121DFA4EC7002D04D0 /* p1.png */; };
		35F973331DFA4EC7002D04D0 /* p2.png in Resources */ = {isa = PBXBuildFile; fileRef = 35F973131DFA4EC7002D04D0 /* p2.png */; };
		35F973341DFA4EC7002D04D0 /* p3.png in Resources */ = {isa = PBXBuildFile; fileRef = 35F973141DFA4EC7002D04D0 /* p3.png */; };
		35F973351DFA4EC7002D04D0 /* p4.png in Resources */ = {isa = PBXBuildFile; fileRef = 35F973151DFA4EC7002D04D0 /* p4.png */; };
		35F973361DFA4EC7002D04D0 /* p5.png in Resources */ = {isa = PBXBuildFile; fileRef = 35F973161DFA4EC7002D04D0 /* p5.png */; };
		35F973371DFA4EC7002D04D0 /* p6.png in Resources */ = {isa = PBXBuildFile; fileRef = 35F973171DFA4EC7002D04D0 /* p6.png */; };
		35F973381DFA4EC7002D04D0 /* p7.png in Resources */ = {isa = PBXBuildFile; fileRef = 35F973181DFA4EC7002D04D0 /* p7.png */; };
		35F973391DFA4EC7002D04D0 /* p8.png in Resources */ = {isa = PBXBuildFile; fileRef = 35F973191DFA4EC7002D04D0 /* p8.png */; };
		35F9733A1DFA4EC7002D04D0 /* Test1ViewController.swift in Sources */ = {isa = PBXBuildFile; fileRef = 35F9731A1DFA4EC7002D04D0 /* Test1ViewController.swift */; };
/* End PBXBuildFile section */

/* Begin PBXFileReference section */
		35F972C51DFA4E94002D04D0 /* WordHilight.app */ = {isa = PBXFileReference; explicitFileType = wrapper.application; includeInIndex = 0; path = WordHilight.app; sourceTree = BUILT_PRODUCTS_DIR; };
		35F972C81DFA4E94002D04D0 /* AppDelegate.swift */ = {isa = PBXFileReference; lastKnownFileType = sourcecode.swift; path = AppDelegate.swift; sourceTree = "<group>"; };
		35F972CD1DFA4E94002D04D0 /* Base */ = {isa = PBXFileReference; lastKnownFileType = file.storyboard; name = Base; path = Base.lproj/Main.storyboard; sourceTree = "<group>"; };
		35F972CF1DFA4E94002D04D0 /* Assets.xcassets */ = {isa = PBXFileReference; lastKnownFileType = folder.assetcatalog; path = Assets.xcassets; sourceTree = "<group>"; };
		35F972D21DFA4E94002D04D0 /* Base */ = {isa = PBXFileReference; lastKnownFileType = file.storyboard; name = Base; path = Base.lproj/LaunchScreen.storyboard; sourceTree = "<group>"; };
		35F972D41DFA4E94002D04D0 /* Info.plist */ = {isa = PBXFileReference; lastKnownFileType = text.plist.xml; path = Info.plist; sourceTree = "<group>"; };
		35F972F61DFA4EC7002D04D0 /* Test2ViewController.swift */ = {isa = PBXFileReference; fileEncoding = 4; lastKnownFileType = sourcecode.swift; path = Test2ViewController.swift; sourceTree = "<group>"; };
		35F972F71DFA4EC7002D04D0 /* BookCollectionViewController.swift */ = {isa = PBXFileReference; fileEncoding = 4; lastKnownFileType = sourcecode.swift; path = BookCollectionViewController.swift; sourceTree = "<group>"; };
		35F972F81DFA4EC7002D04D0 /* Page.swift */ = {isa = PBXFileReference; fileEncoding = 4; lastKnownFileType = sourcecode.swift; path = Page.swift; sourceTree = "<group>"; };
		35F972F91DFA4EC7002D04D0 /* RootClass.swift */ = {isa = PBXFileReference; fileEncoding = 4; lastKnownFileType = sourcecode.swift; path = RootClass.swift; sourceTree = "<group>"; };
		35F972FA1DFA4EC7002D04D0 /* Section.swift */ = {isa = PBXFileReference; fileEncoding = 4; lastKnownFileType = sourcecode.swift; path = Section.swift; sourceTree = "<group>"; };
		35F972FB1DFA4EC7002D04D0 /* SwiftExtention.swift */ = {isa = PBXFileReference; fileEncoding = 4; lastKnownFileType = sourcecode.swift; path = SwiftExtention.swift; sourceTree = "<group>"; };
		35F972FC1DFA4EC7002D04D0 /* Word.swift */ = {isa = PBXFileReference; fileEncoding = 4; lastKnownFileType = sourcecode.swift; path = Word.swift; sourceTree = "<group>"; };
		35F972FD1DFA4EC7002D04D0 /* Assets.xcassets */ = {isa = PBXFileReference; lastKnownFileType = folder.assetcatalog; path = Assets.xcassets; sourceTree = "<group>"; };
		35F973001DFA4EC7002D04D0 /* Base */ = {isa = PBXFileReference; lastKnownFileType = file.storyboard; name = Base; path = LaunchScreen.storyboard; sourceTree = "<group>"; };
		35F973021DFA4EC7002D04D0 /* Base */ = {isa = PBXFileReference; lastKnownFileType = file.storyboard; name = Base; path = Main.storyboard; sourceTree = "<group>"; };
		35F973031DFA4EC7002D04D0 /* BookCollectionViewCell.swift */ = {isa = PBXFileReference; fileEncoding = 4; lastKnownFileType = sourcecode.swift; path = BookCollectionViewCell.swift; sourceTree = "<group>"; };
		35F973041DFA4EC7002D04D0 /* BookCollectionViewCell.xib */ = {isa = PBXFileReference; fileEncoding = 4; lastKnownFileType = file.xib; path = BookCollectionViewCell.xib; sourceTree = "<group>"; };
		35F973051DFA4EC7002D04D0 /* lrc.json */ = {isa = PBXFileReference; fileEncoding = 4; lastKnownFileType = text.json; path = lrc.json; sourceTree = "<group>"; };
		35F973071DFA4EC7002D04D0 /* raz_hugs_le02_p10_text.mp3 */ = {isa = PBXFileReference; lastKnownFileType = audio.mp3; path = raz_hugs_le02_p10_text.mp3; sourceTree = "<group>"; };
		35F973081DFA4EC7002D04D0 /* raz_hugs_le02_p3_text.mp3 */ = {isa = PBXFileReference; lastKnownFileType = audio.mp3; path = raz_hugs_le02_p3_text.mp3; sourceTree = "<group>"; };
		35F973091DFA4EC7002D04D0 /* raz_hugs_le02_p4_text.mp3 */ = {isa = PBXFileReference; lastKnownFileType = audio.mp3; path = raz_hugs_le02_p4_text.mp3; sourceTree = "<group>"; };
		35F9730A1DFA4EC7002D04D0 /* raz_hugs_le02_p5_text.mp3 */ = {isa = PBXFileReference; lastKnownFileType = audio.mp3; path = raz_hugs_le02_p5_text.mp3; sourceTree = "<group>"; };
		35F9730B1DFA4EC7002D04D0 /* raz_hugs_le02_p6_text.mp3 */ = {isa = PBXFileReference; lastKnownFileType = audio.mp3; path = raz_hugs_le02_p6_text.mp3; sourceTree = "<group>"; };
		35F9730C1DFA4EC7002D04D0 /* raz_hugs_le02_p7_text.mp3 */ = {isa = PBXFileReference; lastKnownFileType = audio.mp3; path = raz_hugs_le02_p7_text.mp3; sourceTree = "<group>"; };
		35F9730D1DFA4EC7002D04D0 /* raz_hugs_le02_p8_text.mp3 */ = {isa = PBXFileReference; lastKnownFileType = audio.mp3; path = raz_hugs_le02_p8_text.mp3; sourceTree = "<group>"; };
		35F9730E1DFA4EC7002D04D0 /* raz_hugs_le02_p9_text.mp3 */ = {isa = PBXFileReference; lastKnownFileType = audio.mp3; path = raz_hugs_le02_p9_text.mp3; sourceTree = "<group>"; };
		35F9730F1DFA4EC7002D04D0 /* raz_hugs_le02_title_text.mp3 */ = {isa = PBXFileReference; lastKnownFileType = audio.mp3; path = raz_hugs_le02_title_text.mp3; sourceTree = "<group>"; };
		35F973111DFA4EC7002D04D0 /* cover.png */ = {isa = PBXFileReference; lastKnownFileType = image.png; path = cover.png; sourceTree = "<group>"; };
		35F973121DFA4EC7002D04D0 /* p1.png */ = {isa = PBXFileReference; lastKnownFileType = image.png; path = p1.png; sourceTree = "<group>"; };
		35F973131DFA4EC7002D04D0 /* p2.png */ = {isa = PBXFileReference; lastKnownFileType = image.png; path = p2.png; sourceTree = "<group>"; };
		35F973141DFA4EC7002D04D0 /* p3.png */ = {isa = PBXFileReference; lastKnownFileType = image.png; path = p3.png; sourceTree = "<group>"; };
		35F973151DFA4EC7002D04D0 /* p4.png */ = {isa = PBXFileReference; lastKnownFileType = image.png; path = p4.png; sourceTree = "<group>"; };
		35F973161DFA4EC7002D04D0 /* p5.png */ = {isa = PBXFileReference; lastKnownFileType = image.png; path = p5.png; sourceTree = "<group>"; };
		35F973171DFA4EC7002D04D0 /* p6.png */ = {isa = PBXFileReference; lastKnownFileType = image.png; path = p6.png; sourceTree = "<group>"; };
		35F973181DFA4EC7002D04D0 /* p7.png */ = {isa = PBXFileReference; lastKnownFileType = image.png; path = p7.png; sourceTree = "<group>"; };
		35F973191DFA4EC7002D04D0 /* p8.png */ = {isa = PBXFileReference; lastKnownFileType = image.png; path = p8.png; sourceTree = "<group>"; };
		35F9731A1DFA4EC7002D04D0 /* Test1ViewController.swift */ = {isa = PBXFileReference; fileEncoding = 4; lastKnownFileType = sourcecode.swift; path = Test1ViewController.swift; sourceTree = "<group>"; };
/* End PBXFileReference section */

/* Begin PBXFrameworksBuildPhase section */
		35F972C21DFA4E94002D04D0 /* Frameworks */ = {
			isa = PBXFrameworksBuildPhase;
			buildActionMask = 2147483647;
			files = (
			);
			runOnlyForDeploymentPostprocessing = 0;
		};
/* End PBXFrameworksBuildPhase section */

/* Begin PBXGroup section */
		35F972BC1DFA4E94002D04D0 = {
			isa = PBXGroup;
			children = (
				35F972C71DFA4E94002D04D0 /* WordHilight */,
				35F972C61DFA4E94002D04D0 /* Products */,
			);
			sourceTree = "<group>";
		};
		35F972C61DFA4E94002D04D0 /* Products */ = {
			isa = PBXGroup;
			children = (
				35F972C51DFA4E94002D04D0 /* WordHilight.app */,
			);
			name = Products;
			sourceTree = "<group>";
		};
		35F972C71DFA4E94002D04D0 /* WordHilight */ = {
			isa = PBXGroup;
			children = (
				35F973101DFA4EC7002D04D0 /* pic */,
				35F973061DFA4EC7002D04D0 /* mp3 */,
				35F972F61DFA4EC7002D04D0 /* Test2ViewController.swift */,
				35F972F71DFA4EC7002D04D0 /* BookCollectionViewController.swift */,
				35F972F81DFA4EC7002D04D0 /* Page.swift */,
				35F972F91DFA4EC7002D04D0 /* RootClass.swift */,
				35F972FA1DFA4EC7002D04D0 /* Section.swift */,
				35F972FB1DFA4EC7002D04D0 /* SwiftExtention.swift */,
				35F972FC1DFA4EC7002D04D0 /* Word.swift */,
				35F972FD1DFA4EC7002D04D0 /* Assets.xcassets */,
				35F972FE1DFA4EC7002D04D0 /* Base.lproj */,
				35F973031DFA4EC7002D04D0 /* BookCollectionViewCell.swift */,
				35F973041DFA4EC7002D04D0 /* BookCollectionViewCell.xib */,
				35F973051DFA4EC7002D04D0 /* lrc.json */,
				35F9731A1DFA4EC7002D04D0 /* Test1ViewController.swift */,
				35F972C81DFA4E94002D04D0 /* AppDelegate.swift */,
				35F972CC1DFA4E94002D04D0 /* Main.storyboard */,
				35F972CF1DFA4E94002D04D0 /* Assets.xcassets */,
				35F972D11DFA4E94002D04D0 /* LaunchScreen.storyboard */,
				35F972D41DFA4E94002D04D0 /* Info.plist */,
			);
			path = WordHilight;
			sourceTree = "<group>";
		};
		35F972FE1DFA4EC7002D04D0 /* Base.lproj */ = {
			isa = PBXGroup;
			children = (
				35F972FF1DFA4EC7002D04D0 /* LaunchScreen.storyboard */,
				35F973011DFA4EC7002D04D0 /* Main.storyboard */,
			);
			path = Base.lproj;
			sourceTree = "<group>";
		};
		35F973061DFA4EC7002D04D0 /* mp3 */ = {
			isa = PBXGroup;
			children = (
				35F973071DFA4EC7002D04D0 /* raz_hugs_le02_p10_text.mp3 */,
				35F973081DFA4EC7002D04D0 /* raz_hugs_le02_p3_text.mp3 */,
				35F973091DFA4EC7002D04D0 /* raz_hugs_le02_p4_text.mp3 */,
				35F9730A1DFA4EC7002D04D0 /* raz_hugs_le02_p5_text.mp3 */,
				35F9730B1DFA4EC7002D04D0 /* raz_hugs_le02_p6_text.mp3 */,
				35F9730C1DFA4EC7002D04D0 /* raz_hugs_le02_p7_text.mp3 */,
				35F9730D1DFA4EC7002D04D0 /* raz_hugs_le02_p8_text.mp3 */,
				35F9730E1DFA4EC7002D04D0 /* raz_hugs_le02_p9_text.mp3 */,
				35F9730F1DFA4EC7002D04D0 /* raz_hugs_le02_title_text.mp3 */,
			);
			path = mp3;
			sourceTree = "<group>";
		};
		35F973101DFA4EC7002D04D0 /* pic */ = {
			isa = PBXGroup;
			children = (
				35F973111DFA4EC7002D04D0 /* cover.png */,
				35F973121DFA4EC7002D04D0 /* p1.png */,
				35F973131DFA4EC7002D04D0 /* p2.png */,
				35F973141DFA4EC7002D04D0 /* p3.png */,
				35F973151DFA4EC7002D04D0 /* p4.png */,
				35F973161DFA4EC7002D04D0 /* p5.png */,
				35F973171DFA4EC7002D04D0 /* p6.png */,
				35F973181DFA4EC7002D04D0 /* p7.png */,
				35F973191DFA4EC7002D04D0 /* p8.png */,
			);
			path = pic;
			sourceTree = "<group>";
		};
/* End PBXGroup section */

/* Begin PBXNativeTarget section */
		35F972C41DFA4E94002D04D0 /* WordHilight */ = {
			isa = PBXNativeTarget;
			buildConfigurationList = 35F972ED1DFA4E94002D04D0 /* Build configuration list for PBXNativeTarget "WordHilight" */;
			buildPhases = (
				35F972C11DFA4E94002D04D0 /* Sources */,
				35F972C21DFA4E94002D04D0 /* Frameworks */,
				35F972C31DFA4E94002D04D0 /* Resources */,
			);
			buildRules = (
			);
			dependencies = (
			);
			name = WordHilight;
			productName = WordHilight;
			productReference = 35F972C51DFA4E94002D04D0 /* WordHilight.app */;
			productType = "com.apple.product-type.application";
		};
/* End PBXNativeTarget section */

/* Begin PBXProject section */
		35F972BD1DFA4E94002D04D0 /* Project object */ = {
			isa = PBXProject;
			attributes = {
				LastSwiftUpdateCheck = 0810;
				LastUpgradeCheck = 0910;
				ORGANIZATIONNAME = romance;
				TargetAttributes = {
					35F972C41DFA4E94002D04D0 = {
						CreatedOnToolsVersion = 8.1;
						DevelopmentTeam = 5CC4VW7238;
						LastSwiftMigration = 0910;
						ProvisioningStyle = Automatic;
					};
				};
			};
			buildConfigurationList = 35F972C01DFA4E94002D04D0 /* Build configuration list for PBXProject "WordHilight" */;
			compatibilityVersion = "Xcode 3.2";
			developmentRegion = English;
			hasScannedForEncodings = 0;
			knownRegions = (
				en,
				Base,
			);
			mainGroup = 35F972BC1DFA4E94002D04D0;
			productRefGroup = 35F972C61DFA4E94002D04D0 /* Products */;
			projectDirPath = "";
			projectRoot = "";
			targets = (
				35F972C41DFA4E94002D04D0 /* WordHilight */,
			);
		};
/* End PBXProject section */

/* Begin PBXResourcesBuildPhase section */
		35F972C31DFA4E94002D04D0 /* Resources */ = {
			isa = PBXResourcesBuildPhase;
			buildActionMask = 2147483647;
			files = (
				35F973321DFA4EC7002D04D0 /* p1.png in Resources */,
				35F9732B1DFA4EC7002D04D0 /* raz_hugs_le02_p5_text.mp3 in Resources */,
				35F973281DFA4EC7002D04D0 /* raz_hugs_le02_p10_text.mp3 in Resources */,
				35F972D31DFA4E94002D04D0 /* LaunchScreen.storyboard in Resources */,
				35F9732A1DFA4EC7002D04D0 /* raz_hugs_le02_p4_text.mp3 in Resources */,
				35F973351DFA4EC7002D04D0 /* p4.png in Resources */,
				35F973291DFA4EC7002D04D0 /* raz_hugs_le02_p3_text.mp3 in Resources */,
				35F973271DFA4EC7002D04D0 /* lrc.json in Resources */,
				35F972D01DFA4E94002D04D0 /* Assets.xcassets in Resources */,
				35F9732C1DFA4EC7002D04D0 /* raz_hugs_le02_p6_text.mp3 in Resources */,
				35F973301DFA4EC7002D04D0 /* raz_hugs_le02_title_text.mp3 in Resources */,
				35F973311DFA4EC7002D04D0 /* cover.png in Resources */,
				35F9732F1DFA4EC7002D04D0 /* raz_hugs_le02_p9_text.mp3 in Resources */,
				35F973391DFA4EC7002D04D0 /* p8.png in Resources */,
				35F973241DFA4EC7002D04D0 /* Main.storyboard in Resources */,
				35F9732D1DFA4EC7002D04D0 /* raz_hugs_le02_p7_text.mp3 in Resources */,
				35F973331DFA4EC7002D04D0 /* p2.png in Resources */,
				35F973231DFA4EC7002D04D0 /* LaunchScreen.storyboard in Resources */,
				35F973361DFA4EC7002D04D0 /* p5.png in Resources */,
				35F9732E1DFA4EC7002D04D0 /* raz_hugs_le02_p8_text.mp3 in Resources */,
				35F973381DFA4EC7002D04D0 /* p7.png in Resources */,
				35F972CE1DFA4E94002D04D0 /* Main.storyboard in Resources */,
				35F973261DFA4EC7002D04D0 /* BookCollectionViewCell.xib in Resources */,
				35F973341DFA4EC7002D04D0 /* p3.png in Resources */,
				35F973371DFA4EC7002D04D0 /* p6.png in Resources */,
			);
			runOnlyForDeploymentPostprocessing = 0;
		};
/* End PBXResourcesBuildPhase section */

/* Begin PBXSourcesBuildPhase section */
		35F972C11DFA4E94002D04D0 /* Sources */ = {
			isa = PBXSourcesBuildPhase;
			buildActionMask = 2147483647;
			files = (
				35F9731B1DFA4EC7002D04D0 /* Test2ViewController.swift in Sources */,
				35F9733A1DFA4EC7002D04D0 /* Test1ViewController.swift in Sources */,
				35F973211DFA4EC7002D04D0 /* Word.swift in Sources */,
				35F973251DFA4EC7002D04D0 /* BookCollectionViewCell.swift in Sources */,
				35F973201DFA4EC7002D04D0 /* SwiftExtention.swift in Sources */,
				35F972C91DFA4E94002D04D0 /* AppDelegate.swift in Sources */,
				35F9731F1DFA4EC7002D04D0 /* Section.swift in Sources */,
				35F9731C1DFA4EC7002D04D0 /* BookCollectionViewController.swift in Sources */,
				35F9731E1DFA4EC7002D04D0 /* RootClass.swift in Sources */,
				35F9731D1DFA4EC7002D04D0 /* Page.swift in Sources */,
			);
			runOnlyForDeploymentPostprocessing = 0;
		};
/* End PBXSourcesBuildPhase section */

/* Begin PBXVariantGroup section */
		35F972CC1DFA4E94002D04D0 /* Main.storyboard */ = {
			isa = PBXVariantGroup;
			children = (
				35F972CD1DFA4E94002D04D0 /* Base */,
			);
			name = Main.storyboard;
			sourceTree = "<group>";
		};
		35F972D11DFA4E94002D04D0 /* LaunchScreen.storyboard */ = {
			isa = PBXVariantGroup;
			children = (
				35F972D21DFA4E94002D04D0 /* Base */,
			);
			name = LaunchScreen.storyboard;
			sourceTree = "<group>";
		};
		35F972FF1DFA4EC7002D04D0 /* LaunchScreen.storyboard */ = {
			isa = PBXVariantGroup;
			children = (
				35F973001DFA4EC7002D04D0 /* Base */,
			);
			name = LaunchScreen.storyboard;
			sourceTree = "<group>";
		};
		35F973011DFA4EC7002D04D0 /* Main.storyboard */ = {
			isa = PBXVariantGroup;
			children = (
				35F973021DFA4EC7002D04D0 /* Base */,
			);
			name = Main.storyboard;
			sourceTree = "<group>";
		};
/* End PBXVariantGroup section */

/* Begin XCBuildConfiguration section */
		35F972EB1DFA4E94002D04D0 /* Debug */ = {
			isa = XCBuildConfiguration;
			buildSettings = {
				ALWAYS_SEARCH_USER_PATHS = NO;
				CLANG_ANALYZER_NONNULL = YES;
				CLANG_CXX_LANGUAGE_STANDARD = "gnu++0x";
				CLANG_CXX_LIBRARY = "libc++";
				CLANG_ENABLE_MODULES = YES;
				CLANG_ENABLE_OBJC_ARC = YES;
				CLANG_WARN_BLOCK_CAPTURE_AUTORELEASING = YES;
				CLANG_WARN_BOOL_CONVERSION = YES;
				CLANG_WARN_COMMA = YES;
				CLANG_WARN_CONSTANT_CONVERSION = YES;
				CLANG_WARN_DIRECT_OBJC_ISA_USAGE = YES_ERROR;
				CLANG_WARN_DOCUMENTATION_COMMENTS = YES;
				CLANG_WARN_EMPTY_BODY = YES;
				CLANG_WARN_ENUM_CONVERSION = YES;
				CLANG_WARN_INFINITE_RECURSION = YES;
				CLANG_WARN_INT_CONVERSION = YES;
				CLANG_WARN_NON_LITERAL_NULL_CONVERSION = YES;
				CLANG_WARN_OBJC_LITERAL_CONVERSION = YES;
				CLANG_WARN_OBJC_ROOT_CLASS = YES_ERROR;
				CLANG_WARN_RANGE_LOOP_ANALYSIS = YES;
				CLANG_WARN_STRICT_PROTOTYPES = YES;
				CLANG_WARN_SUSPICIOUS_MOVE = YES;
				CLANG_WARN_SUSPICIOUS_MOVES = YES;
				CLANG_WARN_UNREACHABLE_CODE = YES;
				CLANG_WARN__DUPLICATE_METHOD_MATCH = YES;
				"CODE_SIGN_IDENTITY[sdk=iphoneos*]" = "iPhone Developer";
				COPY_PHASE_STRIP = NO;
				DEBUG_INFORMATION_FORMAT = dwarf;
				ENABLE_STRICT_OBJC_MSGSEND = YES;
				ENABLE_TESTABILITY = YES;
				GCC_C_LANGUAGE_STANDARD = gnu99;
				GCC_DYNAMIC_NO_PIC = NO;
				GCC_NO_COMMON_BLOCKS = YES;
				GCC_OPTIMIZATION_LEVEL = 0;
				GCC_PREPROCESSOR_DEFINITIONS = (
					"DEBUG=1",
					"$(inherited)",
				);
				GCC_WARN_64_TO_32_BIT_CONVERSION = YES;
				GCC_WARN_ABOUT_RETURN_TYPE = YES_ERROR;
				GCC_WARN_UNDECLARED_SELECTOR = YES;
				GCC_WARN_UNINITIALIZED_AUTOS = YES_AGGRESSIVE;
				GCC_WARN_UNUSED_FUNCTION = YES;
				GCC_WARN_UNUSED_VARIABLE = YES;
				IPHONEOS_DEPLOYMENT_TARGET = 10.1;
				MTL_ENABLE_DEBUG_INFO = YES;
				ONLY_ACTIVE_ARCH = YES;
				SDKROOT = iphoneos;
				SWIFT_ACTIVE_COMPILATION_CONDITIONS = DEBUG;
				SWIFT_OPTIMIZATION_LEVEL = "-Onone";
				TARGETED_DEVICE_FAMILY = "1,2";
			};
			name = Debug;
		};
		35F972EC1DFA4E94002D04D0 /* Release */ = {
			isa = XCBuildConfiguration;
			buildSettings = {
				ALWAYS_SEARCH_USER_PATHS = NO;
				CLANG_ANALYZER_NONNULL = YES;
				CLANG_CXX_LANGUAGE_STANDARD = "gnu++0x";
				CLANG_CXX_LIBRARY = "libc++";
				CLANG_ENABLE_MODULES = YES;
				CLANG_ENABLE_OBJC_ARC = YES;
				CLANG_WARN_BLOCK_CAPTURE_AUTORELEASING = YES;
				CLANG_WARN_BOOL_CONVERSION = YES;
				CLANG_WARN_COMMA = YES;
				CLANG_WARN_CONSTANT_CONVERSION = YES;
				CLANG_WARN_DIRECT_OBJC_ISA_USAGE = YES_ERROR;
				CLANG_WARN_DOCUMENTATION_COMMENTS = YES;
				CLANG_WARN_EMPTY_BODY = YES;
				CLANG_WARN_ENUM_CONVERSION = YES;
				CLANG_WARN_INFINITE_RECURSION = YES;
				CLANG_WARN_INT_CONVERSION = YES;
				CLANG_WARN_NON_LITERAL_NULL_CONVERSION = YES;
				CLANG_WARN_OBJC_LITERAL_CONVERSION = YES;
				CLANG_WARN_OBJC_ROOT_CLASS = YES_ERROR;
				CLANG_WARN_RANGE_LOOP_ANALYSIS = YES;
				CLANG_WARN_STRICT_PROTOTYPES = YES;
				CLANG_WARN_SUSPICIOUS_MOVE = YES;
				CLANG_WARN_SUSPICIOUS_MOVES = YES;
				CLANG_WARN_UNREACHABLE_CODE = YES;
				CLANG_WARN__DUPLICATE_METHOD_MATCH = YES;
				"CODE_SIGN_IDENTITY[sdk=iphoneos*]" = "iPhone Developer";
				COPY_PHASE_STRIP = NO;
				DEBUG_INFORMATION_FORMAT = "dwarf-with-dsym";
				ENABLE_NS_ASSERTIONS = NO;
				ENABLE_STRICT_OBJC_MSGSEND = YES;
				GCC_C_LANGUAGE_STANDARD = gnu99;
				GCC_NO_COMMON_BLOCKS = YES;
				GCC_WARN_64_TO_32_BIT_CONVERSION = YES;
				GCC_WARN_ABOUT_RETURN_TYPE = YES_ERROR;
				GCC_WARN_UNDECLARED_SELECTOR = YES;
				GCC_WARN_UNINITIALIZED_AUTOS = YES_AGGRESSIVE;
				GCC_WARN_UNUSED_FUNCTION = YES;
				GCC_WARN_UNUSED_VARIABLE = YES;
				IPHONEOS_DEPLOYMENT_TARGET = 10.1;
				MTL_ENABLE_DEBUG_INFO = NO;
				SDKROOT = iphoneos;
				SWIFT_OPTIMIZATION_LEVEL = "-Owholemodule";
				TARGETED_DEVICE_FAMILY = "1,2";
				VALIDATE_PRODUCT = YES;
			};
			name = Release;
		};
		35F972EE1DFA4E94002D04D0 /* Debug */ = {
			isa = XCBuildConfiguration;
			buildSettings = {
				ASSETCATALOG_COMPILER_APPICON_NAME = AppIcon;
				DEVELOPMENT_TEAM = 5CC4VW7238;
				INFOPLIST_FILE = WordHilight/Info.plist;
				IPHONEOS_DEPLOYMENT_TARGET = 8.0;
				LD_RUNPATH_SEARCH_PATHS = "$(inherited) @executable_path/Frameworks";
				PRODUCT_BUNDLE_IDENTIFIER = xcqromance.WordHilight;
				PRODUCT_NAME = "$(TARGET_NAME)";
				SWIFT_SWIFT3_OBJC_INFERENCE = Default;
				SWIFT_VERSION = 4.0;
			};
			name = Debug;
		};
		35F972EF1DFA4E94002D04D0 /* Release */ = {
			isa = XCBuildConfiguration;
			buildSettings = {
				ASSETCATALOG_COMPILER_APPICON_NAME = AppIcon;
				DEVELOPMENT_TEAM = 5CC4VW7238;
				INFOPLIST_FILE = WordHilight/Info.plist;
				IPHONEOS_DEPLOYMENT_TARGET = 8.0;
				LD_RUNPATH_SEARCH_PATHS = "$(inherited) @executable_path/Frameworks";
				PRODUCT_BUNDLE_IDENTIFIER = xcqromance.WordHilight;
				PRODUCT_NAME = "$(TARGET_NAME)";
				SWIFT_SWIFT3_OBJC_INFERENCE = Default;
				SWIFT_VERSION = 4.0;
			};
			name = Release;
		};
/* End XCBuildConfiguration section */

/* Begin XCConfigurationList section */
		35F972C01DFA4E94002D04D0 /* Build configuration list for PBXProject "WordHilight" */ = {
			isa = XCConfigurationList;
			buildConfigurations = (
				35F972EB1DFA4E94002D04D0 /* Debug */,
				35F972EC1DFA4E94002D04D0 /* Release */,
			);
			defaultConfigurationIsVisible = 0;
			defaultConfigurationName = Release;
		};
		35F972ED1DFA4E94002D04D0 /* Build configuration list for PBXNativeTarget "WordHilight" */ = {
			isa = XCConfigurationList;
			buildConfigurations = (
				35F972EE1DFA4E94002D04D0 /* Debug */,
				35F972EF1DFA4E94002D04D0 /* Release */,
			);
			defaultConfigurationIsVisible = 0;
			defaultConfigurationName = Release;
		};
/* End XCConfigurationList section */
	};
	rootObject = 35F972BD1DFA4E94002D04D0 /* Project object */;
}
